
Microsoft Visual Studio Solution File, Format Version 12.00
# Visual Studio 15
VisualStudioVersion = 15.0.26124.0
MinimumVisualStudioVersion = 15.0.26124.0
Project("{FAE04EC0-301F-11D3-BF4B-00C04F79EFBC}") = "lokiloggerreporter", "LokiLoggerReporter\lokiloggerreporter.csproj", "{27A5210F-2D0F-4259-999E-74078F71CCEF}"
EndProject
Project("{FAE04EC0-301F-11D3-BF4B-00C04F79EFBC}") = "ConsoleTest", "ConsoleTest\ConsoleTest.csproj", "{5049E299-E5EC-4328-B1AC-3ABBFC01A12A}"
EndProject
Global
	GlobalSection(SolutionConfigurationPlatforms) = preSolution
		Debug|Any CPU = Debug|Any CPU
		Debug|x64 = Debug|x64
		Debug|x86 = Debug|x86
		Release|Any CPU = Release|Any CPU
		Release|x64 = Release|x64
		Release|x86 = Release|x86
	EndGlobalSection
	GlobalSection(SolutionProperties) = preSolution
		HideSolutionNode = FALSE
	EndGlobalSection
	GlobalSection(ProjectConfigurationPlatforms) = postSolution
		{27A5210F-2D0F-4259-999E-74078F71CCEF}.Debug|Any CPU.ActiveCfg = Debug|Any CPU
		{27A5210F-2D0F-4259-999E-74078F71CCEF}.Debug|Any CPU.Build.0 = Debug|Any CPU
		{27A5210F-2D0F-4259-999E-74078F71CCEF}.Debug|x64.ActiveCfg = Debug|Any CPU
		{27A5210F-2D0F-4259-999E-74078F71CCEF}.Debug|x64.Build.0 = Debug|Any CPU
		{27A5210F-2D0F-4259-999E-74078F71CCEF}.Debug|x86.ActiveCfg = Debug|Any CPU
		{27A5210F-2D0F-4259-999E-74078F71CCEF}.Debug|x86.Build.0 = Debug|Any CPU
		{27A5210F-2D0F-4259-999E-74078F71CCEF}.Release|Any CPU.ActiveCfg = Release|Any CPU
		{27A5210F-2D0F-4259-999E-74078F71CCEF}.Release|Any CPU.Build.0 = Release|Any CPU
		{27A5210F-2D0F-4259-999E-74078F71CCEF}.Release|x64.ActiveCfg = Release|Any CPU
		{27A5210F-2D0F-4259-999E-74078F71CCEF}.Release|x64.Build.0 = Release|Any CPU
		{27A5210F-2D0F-4259-999E-74078F71CCEF}.Release|x86.ActiveCfg = Release|Any CPU
		{27A5210F-2D0F-4259-999E-74078F71CCEF}.Release|x86.Build.0 = Release|Any CPU
		{5049E299-E5EC-4328-B1AC-3ABBFC01A12A}.Debug|Any CPU.ActiveCfg = Debug|Any CPU
		{5049E299-E5EC-4328-B1AC-3ABBFC01A12A}.Debug|Any CPU.Build.0 = Debug|Any CPU
		{5049E299-E5EC-4328-B1AC-3ABBFC01A12A}.Debug|x64.ActiveCfg = Debug|Any CPU
		{5049E299-E5EC-4328-B1AC-3ABBFC01A12A}.Debug|x64.Build.0 = Debug|Any CPU
		{5049E299-E5EC-4328-B1AC-3ABBFC01A12A}.Debug|x86.ActiveCfg = Debug|Any CPU
		{5049E299-E5EC-4328-B1AC-3ABBFC01A12A}.Debug|x86.Build.0 = Debug|Any CPU
		{5049E299-E5EC-4328-B1AC-3ABBFC01A12A}.Release|Any CPU.ActiveCfg = Release|Any CPU
		{5049E299-E5EC-4328-B1AC-3ABBFC01A12A}.Release|Any CPU.Build.0 = Release|Any CPU
		{5049E299-E5EC-4328-B1AC-3ABBFC01A12A}.Release|x64.ActiveCfg = Release|Any CPU
		{5049E299-E5EC-4328-B1AC-3ABBFC01A12A}.Release|x64.Build.0 = Release|Any CPU
		{5049E299-E5EC-4328-B1AC-3ABBFC01A12A}.Release|x86.ActiveCfg = Release|Any CPU
		{5049E299-E5EC-4328-B1AC-3ABBFC01A12A}.Release|x86.Build.0 = Release|Any CPU
	EndGlobalSection
EndGlobal
